{
  "originHash" : "24b9196cf78a48f32bb6c35ad2bcd24c707fc1cad21009704f2f695e1f4fabc8",
  "pins" : [
    {
      "identity" : "concatenation",
      "kind" : "remoteSourceControl",
      "location" : "https://github.com/leviouwendijk/Concatenation.git",
      "state" : {
        "branch" : "master",
        "revision" : "793acd04ba4f5a80f9be9d67dd87e55740ce2497"
      }
    },
    {
      "identity" : "plate",
      "kind" : "remoteSourceControl",
      "location" : "https://github.com/leviouwendijk/plate.git",
      "state" : {
        "branch" : "master",
        "revision" : "be465cea1f62a95dc4781b67366c42e81b125637"
      }
    },
    {
      "identity" : "swift-argument-parser",
      "kind" : "remoteSourceControl",
      "location" : "https://github.com/apple/swift-argument-parser.git",
      "state" : {
        "branch" : "main",
        "revision" : "d075877f3a7a06e75d46b3c3275dcba0ac9c9f9b"
      }
    }
  ],
  "version" : 3
}
