{
  "originHash" : "24b9196cf78a48f32bb6c35ad2bcd24c707fc1cad21009704f2f695e1f4fabc8",
  "pins" : [
    {
      "identity" : "concatenation",
      "kind" : "remoteSourceControl",
      "location" : "https://github.com/leviouwendijk/Concatenation.git",
      "state" : {
        "branch" : "master",
        "revision" : "7d447a69b96f0af10980c86bc334cf84d3ceb7db"
      }
    },
    {
      "identity" : "plate",
      "kind" : "remoteSourceControl",
      "location" : "https://github.com/leviouwendijk/plate.git",
      "state" : {
        "branch" : "master",
        "revision" : "7c0f586518e8c5de3e60353a4c0aa2931e5f204f"
      }
    },
    {
      "identity" : "swift-argument-parser",
      "kind" : "remoteSourceControl",
      "location" : "https://github.com/apple/swift-argument-parser.git",
      "state" : {
        "branch" : "main",
        "revision" : "c94be10e103ecefca8c67f8fb9a604be98ed8783"
      }
    }
  ],
  "version" : 3
}
