{
  "originHash" : "24b9196cf78a48f32bb6c35ad2bcd24c707fc1cad21009704f2f695e1f4fabc8",
  "pins" : [
    {
      "identity" : "concatenation",
      "kind" : "remoteSourceControl",
      "location" : "https://github.com/leviouwendijk/Concatenation.git",
      "state" : {
        "branch" : "master",
        "revision" : "3d36b02320edca2875ec20ff40a8c148b416f28c"
      }
    },
    {
      "identity" : "plate",
      "kind" : "remoteSourceControl",
      "location" : "https://github.com/leviouwendijk/plate.git",
      "state" : {
        "branch" : "master",
        "revision" : "4750a44498d2aa6b3ad2e107cb4803d3afdaef2b"
      }
    },
    {
      "identity" : "swift-argument-parser",
      "kind" : "remoteSourceControl",
      "location" : "https://github.com/apple/swift-argument-parser.git",
      "state" : {
        "branch" : "main",
        "revision" : "04695ec5448962bcd5e4616ed184b8a2168751e7"
      }
    }
  ],
  "version" : 3
}
